{
  "requires": true,
  "lockfileVersion": 1,
  "dependencies": {
    "reveal.js-symbol-per-slide-progress": {
      "version": "1.0.0",
      "resolved": "https://registry.npmjs.org/reveal.js-symbol-per-slide-progress/-/reveal.js-symbol-per-slide-progress-1.0.0.tgz",
      "integrity": "sha512-dzkFWmUfiD+MT8uqEOMOFePba23DkT36TQZneFjhabCP7ql8VETMpAr2qRle2TbD0N1T78sBwTSbV5afn10jvQ=="
    }
  }
}
